
Microsoft Visual Studio Solution File, Format Version 12.00
# Visual Studio Version 16
VisualStudioVersion = 16.0.30128.74
MinimumVisualStudioVersion = 10.0.40219.1
Project("{FAE04EC0-301F-11D3-BF4B-00C04F79EFBC}") = "biljar", "biljar.csproj", "{164348E6-ED11-4EEB-A680-78BF311756DB}"
EndProject
Global
	GlobalSection(SolutionConfigurationPlatforms) = preSolution
		Debug|Any CPU = Debug|Any CPU
		Release|Any CPU = Release|Any CPU
	EndGlobalSection
	GlobalSection(ProjectConfigurationPlatforms) = postSolution
		{164348E6-ED11-4EEB-A680-78BF311756DB}.Debug|Any CPU.ActiveCfg = Debug|Any CPU
		{164348E6-ED11-4EEB-A680-78BF311756DB}.Debug|Any CPU.Build.0 = Debug|Any CPU
		{164348E6-ED11-4EEB-A680-78BF311756DB}.Release|Any CPU.ActiveCfg = Release|Any CPU
		{164348E6-ED11-4EEB-A680-78BF311756DB}.Release|Any CPU.Build.0 = Release|Any CPU
	EndGlobalSection
	GlobalSection(SolutionProperties) = preSolution
		HideSolutionNode = FALSE
	EndGlobalSection
	GlobalSection(ExtensibilityGlobals) = postSolution
		SolutionGuid = {BCB83EF8-5BBA-445B-B55B-ECE2ED92E509}
	EndGlobalSection
EndGlobal
